// !$*UTF8*$!
{
	archiveVersion = 1;
	classes = {
	};
	objectVersion = 46;
	objects = {

/* Begin PBXBuildFile section */
		4850DFC7120CC4BC009DB561 /* SystemConfiguration.framework in Frameworks */ = {isa = PBXBuildFile; fileRef = 4850DFC6120CC4BC009DB561 /* SystemConfiguration.framework */; };
		4850DFCD120CC4D3009DB561 /* MobileCoreServices.framework in Frameworks */ = {isa = PBXBuildFile; fileRef = 4850DFCC120CC4D3009DB561 /* MobileCoreServices.framework */; };
		48743C03120CC29B00B1C728 /* CFNetwork.framework in Frameworks */ = {isa = PBXBuildFile; fileRef = 48743C02120CC29B00B1C728 /* CFNetwork.framework */; };
		48743C07120CC2D500B1C728 /* libz.1.2.3.dylib in Frameworks */ = {isa = PBXBuildFile; fileRef = 48743C06120CC2D500B1C728 /* libz.1.2.3.dylib */; };
		48743C09120CC2EA00B1C728 /* libobjc.A.dylib in Frameworks */ = {isa = PBXBuildFile; fileRef = 48743C08120CC2EA00B1C728 /* libobjc.A.dylib */; };
		48CD3CB913CD9B67001C4353 /* ASIAuthenticationDialog.m in Sources */ = {isa = PBXBuildFile; fileRef = 48CD3C7913CD9B67001C4353 /* ASIAuthenticationDialog.m */; };
		48CD3CBA13CD9B67001C4353 /* ASIDataCompressor.m in Sources */ = {isa = PBXBuildFile; fileRef = 48CD3C7C13CD9B67001C4353 /* ASIDataCompressor.m */; };
		48CD3CBB13CD9B67001C4353 /* ASIDataDecompressor.m in Sources */ = {isa = PBXBuildFile; fileRef = 48CD3C7E13CD9B67001C4353 /* ASIDataDecompressor.m */; };
		48CD3CBC13CD9B67001C4353 /* ASIDownloadCache.m in Sources */ = {isa = PBXBuildFile; fileRef = 48CD3C8013CD9B67001C4353 /* ASIDownloadCache.m */; };
		48CD3CBD13CD9B67001C4353 /* ASIFormDataRequest.m in Sources */ = {isa = PBXBuildFile; fileRef = 48CD3C8213CD9B67001C4353 /* ASIFormDataRequest.m */; };
		48CD3CBE13CD9B67001C4353 /* ASIHTTPRequest.m in Sources */ = {isa = PBXBuildFile; fileRef = 48CD3C8413CD9B67001C4353 /* ASIHTTPRequest.m */; };
		48CD3CBF13CD9B67001C4353 /* ASIInputStream.m in Sources */ = {isa = PBXBuildFile; fileRef = 48CD3C8813CD9B67001C4353 /* ASIInputStream.m */; };
		48CD3CC013CD9B67001C4353 /* ASINetworkQueue.m in Sources */ = {isa = PBXBuildFile; fileRef = 48CD3C8A13CD9B67001C4353 /* ASINetworkQueue.m */; };
		48CD3CC113CD9B67001C4353 /* Reachability.m in Sources */ = {isa = PBXBuildFile; fileRef = 48CD3C8D13CD9B67001C4353 /* Reachability.m */; };
		48CD3CC213CD9B67001C4353 /* ReachabilityHelper.m in Sources */ = {isa = PBXBuildFile; fileRef = 48CD3C8F13CD9B67001C4353 /* ReachabilityHelper.m */; };
		48CD3CC313CD9B67001C4353 /* CDataScanner.m in Sources */ = {isa = PBXBuildFile; fileRef = 48CD3C9313CD9B67001C4353 /* CDataScanner.m */; };
		48CD3CC413CD9B67001C4353 /* CDataScanner_Extensions.m in Sources */ = {isa = PBXBuildFile; fileRef = 48CD3C9613CD9B67001C4353 /* CDataScanner_Extensions.m */; };
		48CD3CC513CD9B67001C4353 /* NSCharacterSet_Extensions.m in Sources */ = {isa = PBXBuildFile; fileRef = 48CD3C9813CD9B67001C4353 /* NSCharacterSet_Extensions.m */; };
		48CD3CC613CD9B67001C4353 /* NSDictionary_JSONExtensions.m in Sources */ = {isa = PBXBuildFile; fileRef = 48CD3C9A13CD9B67001C4353 /* NSDictionary_JSONExtensions.m */; };
		48CD3CC713CD9B67001C4353 /* NSScanner_Extensions.m in Sources */ = {isa = PBXBuildFile; fileRef = 48CD3C9C13CD9B67001C4353 /* NSScanner_Extensions.m */; };
		48CD3CC813CD9B67001C4353 /* CJSONDataSerializer.m in Sources */ = {isa = PBXBuildFile; fileRef = 48CD3C9F13CD9B67001C4353 /* CJSONDataSerializer.m */; };
		48CD3CC913CD9B67001C4353 /* CJSONDeserializer.m in Sources */ = {isa = PBXBuildFile; fileRef = 48CD3CA113CD9B67001C4353 /* CJSONDeserializer.m */; };
		48CD3CCA13CD9B67001C4353 /* CJSONScanner.m in Sources */ = {isa = PBXBuildFile; fileRef = 48CD3CA313CD9B67001C4353 /* CJSONScanner.m */; };
		48CD3CCB13CD9B67001C4353 /* CJSONSerializer.m in Sources */ = {isa = PBXBuildFile; fileRef = 48CD3CA513CD9B67001C4353 /* CJSONSerializer.m */; };
		48CD3CCC13CD9B67001C4353 /* CSerializedJSONData.m in Sources */ = {isa = PBXBuildFile; fileRef = 48CD3CA713CD9B67001C4353 /* CSerializedJSONData.m */; };
		48CD3CCD13CD9B67001C4353 /* Comment.m in Sources */ = {isa = PBXBuildFile; fileRef = 48CD3CAB13CD9B67001C4353 /* Comment.m */; };
		48CD3CCE13CD9B67001C4353 /* Page.m in Sources */ = {isa = PBXBuildFile; fileRef = 48CD3CAE13CD9B67001C4353 /* Page.m */; };
		48CD3CCF13CD9B67001C4353 /* Site.m in Sources */ = {isa = PBXBuildFile; fileRef = 48CD3CB113CD9B67001C4353 /* Site.m */; };
		48CD3CD013CD9B67001C4353 /* User.m in Sources */ = {isa = PBXBuildFile; fileRef = 48CD3CB413CD9B67001C4353 /* User.m */; };
		48CD3CD113CD9B67001C4353 /* PosterousClient.m in Sources */ = {isa = PBXBuildFile; fileRef = 48CD3CB613CD9B67001C4353 /* PosterousClient.m */; };
		48CD3CD213CD9B67001C4353 /* PosterousRequest.m in Sources */ = {isa = PBXBuildFile; fileRef = 48CD3CB813CD9B67001C4353 /* PosterousRequest.m */; };
		48CD3CDB13CD9BBD001C4353 /* LoginModalController.m in Sources */ = {isa = PBXBuildFile; fileRef = 48CD3CD513CD9BBD001C4353 /* LoginModalController.m */; };
		48CD3CDC13CD9BBD001C4353 /* LoginModalController.xib in Resources */ = {isa = PBXBuildFile; fileRef = 48CD3CD613CD9BBD001C4353 /* LoginModalController.xib */; };
		48CD3CDD13CD9BBD001C4353 /* Preferences.m in Sources */ = {isa = PBXBuildFile; fileRef = 48CD3CD813CD9BBD001C4353 /* Preferences.m */; };
		48CD3CDE13CD9BBD001C4353 /* UIColor+DigitalColorMeter.m in Sources */ = {isa = PBXBuildFile; fileRef = 48CD3CDA13CD9BBD001C4353 /* UIColor+DigitalColorMeter.m */; };
		48CD3CE213CD9C80001C4353 /* graybutton.png in Resources */ = {isa = PBXBuildFile; fileRef = 48CD3CDF13CD9C80001C4353 /* graybutton.png */; };
		48CD3CE313CD9C80001C4353 /* greendot.png in Resources */ = {isa = PBXBuildFile; fileRef = 48CD3CE013CD9C80001C4353 /* greendot.png */; };
		48CD3CE413CD9C80001C4353 /* reddot.png in Resources */ = {isa = PBXBuildFile; fileRef = 48CD3CE113CD9C80001C4353 /* reddot.png */; };
		48CD3CFB13CD9C90001C4353 /* CreateASite.xib in Resources */ = {isa = PBXBuildFile; fileRef = 48CD3CE613CD9C90001C4353 /* CreateASite.xib */; };
		48CD3CFC13CD9C90001C4353 /* CreateASiteController.m in Sources */ = {isa = PBXBuildFile; fileRef = 48CD3CE813CD9C90001C4353 /* CreateASiteController.m */; };
		48CD3CFD13CD9C90001C4353 /* GetAllCommentsForAPost.xib in Resources */ = {isa = PBXBuildFile; fileRef = 48CD3CE913CD9C90001C4353 /* GetAllCommentsForAPost.xib */; };
		48CD3CFE13CD9C90001C4353 /* GetAllCommentsForAPostController.m in Sources */ = {isa = PBXBuildFile; fileRef = 48CD3CEB13CD9C90001C4353 /* GetAllCommentsForAPostController.m */; };
		48CD3CFF13CD9C90001C4353 /* GetAllPages.xib in Resources */ = {isa = PBXBuildFile; fileRef = 48CD3CEC13CD9C90001C4353 /* GetAllPages.xib */; };
		48CD3D0013CD9C90001C4353 /* GetAllPagesController.m in Sources */ = {isa = PBXBuildFile; fileRef = 48CD3CEE13CD9C90001C4353 /* GetAllPagesController.m */; };
		48CD3D0113CD9C90001C4353 /* GetASingleSite.xib in Resources */ = {isa = PBXBuildFile; fileRef = 48CD3CEF13CD9C90001C4353 /* GetASingleSite.xib */; };
		48CD3D0213CD9C90001C4353 /* GetASingleSiteController.m in Sources */ = {isa = PBXBuildFile; fileRef = 48CD3CF113CD9C90001C4353 /* GetASingleSiteController.m */; };
		48CD3D0313CD9C90001C4353 /* GetAUser.xib in Resources */ = {isa = PBXBuildFile; fileRef = 48CD3CF213CD9C90001C4353 /* GetAUser.xib */; };
		48CD3D0413CD9C90001C4353 /* GetAUserController.m in Sources */ = {isa = PBXBuildFile; fileRef = 48CD3CF413CD9C90001C4353 /* GetAUserController.m */; };
		48CD3D0513CD9C90001C4353 /* GetAUsersPrimarySite.xib in Resources */ = {isa = PBXBuildFile; fileRef = 48CD3CF513CD9C90001C4353 /* GetAUsersPrimarySite.xib */; };
		48CD3D0613CD9C90001C4353 /* GetAUsersPrimarySiteController.m in Sources */ = {isa = PBXBuildFile; fileRef = 48CD3CF713CD9C90001C4353 /* GetAUsersPrimarySiteController.m */; };
		48CD3D0713CD9C90001C4353 /* GetAUsersSites.xib in Resources */ = {isa = PBXBuildFile; fileRef = 48CD3CF813CD9C90001C4353 /* GetAUsersSites.xib */; };
		48CD3D0813CD9C90001C4353 /* GetAUsersSitesController.m in Sources */ = {isa = PBXBuildFile; fileRef = 48CD3CFA13CD9C90001C4353 /* GetAUsersSitesController.m */; };
		48EF4222120C7EA800B2E49F /* UIKit.framework in Frameworks */ = {isa = PBXBuildFile; fileRef = 48EF4221120C7EA800B2E49F /* UIKit.framework */; };
		48EF4224120C7EA800B2E49F /* Foundation.framework in Frameworks */ = {isa = PBXBuildFile; fileRef = 48EF4223120C7EA800B2E49F /* Foundation.framework */; };
		48EF4226120C7EA800B2E49F /* CoreGraphics.framework in Frameworks */ = {isa = PBXBuildFile; fileRef = 48EF4225120C7EA800B2E49F /* CoreGraphics.framework */; };
		48EF422B120C7EA800B2E49F /* InfoPlist.strings in Resources */ = {isa = PBXBuildFile; fileRef = 48EF4229120C7EA800B2E49F /* InfoPlist.strings */; };
		48EF422D120C7EA800B2E49F /* main.m in Sources */ = {isa = PBXBuildFile; fileRef = 48EF422C120C7EA800B2E49F /* main.m */; };
		48EF4230120C7EA800B2E49F /* PosterousObjCAppDelegate.m in Sources */ = {isa = PBXBuildFile; fileRef = 48EF422F120C7EA800B2E49F /* PosterousObjCAppDelegate.m */; };
		48EF4233120C7EA900B2E49F /* MainWindow.xib in Resources */ = {isa = PBXBuildFile; fileRef = 48EF4231120C7EA900B2E49F /* MainWindow.xib */; };
		48EF4236120C7EA900B2E49F /* PosterousObjCViewController.m in Sources */ = {isa = PBXBuildFile; fileRef = 48EF4235120C7EA900B2E49F /* PosterousObjCViewController.m */; };
		48EF4239120C7EA900B2E49F /* PosterousObjCViewController.xib in Resources */ = {isa = PBXBuildFile; fileRef = 48EF4237120C7EA900B2E49F /* PosterousObjCViewController.xib */; };
/* End PBXBuildFile section */

/* Begin PBXFileReference section */
		4850DFC6120CC4BC009DB561 /* SystemConfiguration.framework */ = {isa = PBXFileReference; lastKnownFileType = wrapper.framework; name = SystemConfiguration.framework; path = System/Library/Frameworks/SystemConfiguration.framework; sourceTree = SDKROOT; };
		4850DFCC120CC4D3009DB561 /* MobileCoreServices.framework */ = {isa = PBXFileReference; lastKnownFileType = wrapper.framework; name = MobileCoreServices.framework; path = System/Library/Frameworks/MobileCoreServices.framework; sourceTree = SDKROOT; };
		48743C02120CC29B00B1C728 /* CFNetwork.framework */ = {isa = PBXFileReference; lastKnownFileType = wrapper.framework; name = CFNetwork.framework; path = System/Library/Frameworks/CFNetwork.framework; sourceTree = SDKROOT; };
		48743C06120CC2D500B1C728 /* libz.1.2.3.dylib */ = {isa = PBXFileReference; lastKnownFileType = "compiled.mach-o.dylib"; name = libz.1.2.3.dylib; path = usr/lib/libz.1.2.3.dylib; sourceTree = SDKROOT; };
		48743C08120CC2EA00B1C728 /* libobjc.A.dylib */ = {isa = PBXFileReference; lastKnownFileType = "compiled.mach-o.dylib"; name = libobjc.A.dylib; path = usr/lib/libobjc.A.dylib; sourceTree = SDKROOT; };
		48CD3C7813CD9B67001C4353 /* ASIAuthenticationDialog.h */ = {isa = PBXFileReference; fileEncoding = 4; lastKnownFileType = sourcecode.c.h; path = ASIAuthenticationDialog.h; sourceTree = "<group>"; };
		48CD3C7913CD9B67001C4353 /* ASIAuthenticationDialog.m */ = {isa = PBXFileReference; fileEncoding = 4; lastKnownFileType = sourcecode.c.objc; path = ASIAuthenticationDialog.m; sourceTree = "<group>"; };
		48CD3C7A13CD9B67001C4353 /* ASICacheDelegate.h */ = {isa = PBXFileReference; fileEncoding = 4; lastKnownFileType = sourcecode.c.h; path = ASICacheDelegate.h; sourceTree = "<group>"; };
		48CD3C7B13CD9B67001C4353 /* ASIDataCompressor.h */ = {isa = PBXFileReference; fileEncoding = 4; lastKnownFileType = sourcecode.c.h; path = ASIDataCompressor.h; sourceTree = "<group>"; };
		48CD3C7C13CD9B67001C4353 /* ASIDataCompressor.m */ = {isa = PBXFileReference; fileEncoding = 4; lastKnownFileType = sourcecode.c.objc; path = ASIDataCompressor.m; sourceTree = "<group>"; };
		48CD3C7D13CD9B67001C4353 /* ASIDataDecompressor.h */ = {isa = PBXFileReference; fileEncoding = 4; lastKnownFileType = sourcecode.c.h; path = ASIDataDecompressor.h; sourceTree = "<group>"; };
		48CD3C7E13CD9B67001C4353 /* ASIDataDecompressor.m */ = {isa = PBXFileReference; fileEncoding = 4; lastKnownFileType = sourcecode.c.objc; path = ASIDataDecompressor.m; sourceTree = "<group>"; };
		48CD3C7F13CD9B67001C4353 /* ASIDownloadCache.h */ = {isa = PBXFileReference; fileEncoding = 4; lastKnownFileType = sourcecode.c.h; path = ASIDownloadCache.h; sourceTree = "<group>"; };
		48CD3C8013CD9B67001C4353 /* ASIDownloadCache.m */ = {isa = PBXFileReference; fileEncoding = 4; lastKnownFileType = sourcecode.c.objc; path = ASIDownloadCache.m; sourceTree = "<group>"; };
		48CD3C8113CD9B67001C4353 /* ASIFormDataRequest.h */ = {isa = PBXFileReference; fileEncoding = 4; lastKnownFileType = sourcecode.c.h; path = ASIFormDataRequest.h; sourceTree = "<group>"; };
		48CD3C8213CD9B67001C4353 /* ASIFormDataRequest.m */ = {isa = PBXFileReference; fileEncoding = 4; lastKnownFileType = sourcecode.c.objc; path = ASIFormDataRequest.m; sourceTree = "<group>"; };
		48CD3C8313CD9B67001C4353 /* ASIHTTPRequest.h */ = {isa = PBXFileReference; fileEncoding = 4; lastKnownFileType = sourcecode.c.h; path = ASIHTTPRequest.h; sourceTree = "<group>"; };
		48CD3C8413CD9B67001C4353 /* ASIHTTPRequest.m */ = {isa = PBXFileReference; fileEncoding = 4; lastKnownFileType = sourcecode.c.objc; path = ASIHTTPRequest.m; sourceTree = "<group>"; };
		48CD3C8513CD9B67001C4353 /* ASIHTTPRequestConfig.h */ = {isa = PBXFileReference; fileEncoding = 4; lastKnownFileType = sourcecode.c.h; path = ASIHTTPRequestConfig.h; sourceTree = "<group>"; };
		48CD3C8613CD9B67001C4353 /* ASIHTTPRequestDelegate.h */ = {isa = PBXFileReference; fileEncoding = 4; lastKnownFileType = sourcecode.c.h; path = ASIHTTPRequestDelegate.h; sourceTree = "<group>"; };
		48CD3C8713CD9B67001C4353 /* ASIInputStream.h */ = {isa = PBXFileReference; fileEncoding = 4; lastKnownFileType = sourcecode.c.h; path = ASIInputStream.h; sourceTree = "<group>"; };
		48CD3C8813CD9B67001C4353 /* ASIInputStream.m */ = {isa = PBXFileReference; fileEncoding = 4; lastKnownFileType = sourcecode.c.objc; path = ASIInputStream.m; sourceTree = "<group>"; };
		48CD3C8913CD9B67001C4353 /* ASINetworkQueue.h */ = {isa = PBXFileReference; fileEncoding = 4; lastKnownFileType = sourcecode.c.h; path = ASINetworkQueue.h; sourceTree = "<group>"; };
		48CD3C8A13CD9B67001C4353 /* ASINetworkQueue.m */ = {isa = PBXFileReference; fileEncoding = 4; lastKnownFileType = sourcecode.c.objc; path = ASINetworkQueue.m; sourceTree = "<group>"; };
		48CD3C8B13CD9B67001C4353 /* ASIProgressDelegate.h */ = {isa = PBXFileReference; fileEncoding = 4; lastKnownFileType = sourcecode.c.h; path = ASIProgressDelegate.h; sourceTree = "<group>"; };
		48CD3C8C13CD9B67001C4353 /* Reachability.h */ = {isa = PBXFileReference; fileEncoding = 4; lastKnownFileType = sourcecode.c.h; path = Reachability.h; sourceTree = "<group>"; };
		48CD3C8D13CD9B67001C4353 /* Reachability.m */ = {isa = PBXFileReference; fileEncoding = 4; lastKnownFileType = sourcecode.c.objc; path = Reachability.m; sourceTree = "<group>"; };
		48CD3C8E13CD9B67001C4353 /* ReachabilityHelper.h */ = {isa = PBXFileReference; fileEncoding = 4; lastKnownFileType = sourcecode.c.h; path = ReachabilityHelper.h; sourceTree = "<group>"; };
		48CD3C8F13CD9B67001C4353 /* ReachabilityHelper.m */ = {isa = PBXFileReference; fileEncoding = 4; lastKnownFileType = sourcecode.c.objc; path = ReachabilityHelper.m; sourceTree = "<group>"; };
		48CD3C9213CD9B67001C4353 /* CDataScanner.h */ = {isa = PBXFileReference; fileEncoding = 4; lastKnownFileType = sourcecode.c.h; path = CDataScanner.h; sourceTree = "<group>"; };
		48CD3C9313CD9B67001C4353 /* CDataScanner.m */ = {isa = PBXFileReference; fileEncoding = 4; lastKnownFileType = sourcecode.c.objc; path = CDataScanner.m; sourceTree = "<group>"; };
		48CD3C9513CD9B67001C4353 /* CDataScanner_Extensions.h */ = {isa = PBXFileReference; fileEncoding = 4; lastKnownFileType = sourcecode.c.h; path = CDataScanner_Extensions.h; sourceTree = "<group>"; };
		48CD3C9613CD9B67001C4353 /* CDataScanner_Extensions.m */ = {isa = PBXFileReference; fileEncoding = 4; lastKnownFileType = sourcecode.c.objc; path = CDataScanner_Extensions.m; sourceTree = "<group>"; };
		48CD3C9713CD9B67001C4353 /* NSCharacterSet_Extensions.h */ = {isa = PBXFileReference; fileEncoding = 4; lastKnownFileType = sourcecode.c.h; path = NSCharacterSet_Extensions.h; sourceTree = "<group>"; };
		48CD3C9813CD9B67001C4353 /* NSCharacterSet_Extensions.m */ = {isa = PBXFileReference; fileEncoding = 4; lastKnownFileType = sourcecode.c.objc; path = NSCharacterSet_Extensions.m; sourceTree = "<group>"; };
		48CD3C9913CD9B67001C4353 /* NSDictionary_JSONExtensions.h */ = {isa = PBXFileReference; fileEncoding = 4; lastKnownFileType = sourcecode.c.h; path = NSDictionary_JSONExtensions.h; sourceTree = "<group>"; };
		48CD3C9A13CD9B67001C4353 /* NSDictionary_JSONExtensions.m */ = {isa = PBXFileReference; fileEncoding = 4; lastKnownFileType = sourcecode.c.objc; path = NSDictionary_JSONExtensions.m; sourceTree = "<group>"; };
		48CD3C9B13CD9B67001C4353 /* NSScanner_Extensions.h */ = {isa = PBXFileReference; fileEncoding = 4; lastKnownFileType = sourcecode.c.h; path = NSScanner_Extensions.h; sourceTree = "<group>"; };
		48CD3C9C13CD9B67001C4353 /* NSScanner_Extensions.m */ = {isa = PBXFileReference; fileEncoding = 4; lastKnownFileType = sourcecode.c.objc; path = NSScanner_Extensions.m; sourceTree = "<group>"; };
		48CD3C9E13CD9B67001C4353 /* CJSONDataSerializer.h */ = {isa = PBXFileReference; fileEncoding = 4; lastKnownFileType = sourcecode.c.h; path = CJSONDataSerializer.h; sourceTree = "<group>"; };
		48CD3C9F13CD9B67001C4353 /* CJSONDataSerializer.m */ = {isa = PBXFileReference; fileEncoding = 4; lastKnownFileType = sourcecode.c.objc; path = CJSONDataSerializer.m; sourceTree = "<group>"; };
		48CD3CA013CD9B67001C4353 /* CJSONDeserializer.h */ = {isa = PBXFileReference; fileEncoding = 4; lastKnownFileType = sourcecode.c.h; path = CJSONDeserializer.h; sourceTree = "<group>"; };
		48CD3CA113CD9B67001C4353 /* CJSONDeserializer.m */ = {isa = PBXFileReference; fileEncoding = 4; lastKnownFileType = sourcecode.c.objc; path = CJSONDeserializer.m; sourceTree = "<group>"; };
		48CD3CA213CD9B67001C4353 /* CJSONScanner.h */ = {isa = PBXFileReference; fileEncoding = 4; lastKnownFileType = sourcecode.c.h; path = CJSONScanner.h; sourceTree = "<group>"; };
		48CD3CA313CD9B67001C4353 /* CJSONScanner.m */ = {isa = PBXFileReference; fileEncoding = 4; lastKnownFileType = sourcecode.c.objc; path = CJSONScanner.m; sourceTree = "<group>"; };
		48CD3CA413CD9B67001C4353 /* CJSONSerializer.h */ = {isa = PBXFileReference; fileEncoding = 4; lastKnownFileType = sourcecode.c.h; path = CJSONSerializer.h; sourceTree = "<group>"; };
		48CD3CA513CD9B67001C4353 /* CJSONSerializer.m */ = {isa = PBXFileReference; fileEncoding = 4; lastKnownFileType = sourcecode.c.objc; path = CJSONSerializer.m; sourceTree = "<group>"; };
		48CD3CA613CD9B67001C4353 /* CSerializedJSONData.h */ = {isa = PBXFileReference; fileEncoding = 4; lastKnownFileType = sourcecode.c.h; path = CSerializedJSONData.h; sourceTree = "<group>"; };
		48CD3CA713CD9B67001C4353 /* CSerializedJSONData.m */ = {isa = PBXFileReference; fileEncoding = 4; lastKnownFileType = sourcecode.c.objc; path = CSerializedJSONData.m; sourceTree = "<group>"; };
		48CD3CAA13CD9B67001C4353 /* Comment.h */ = {isa = PBXFileReference; fileEncoding = 4; lastKnownFileType = sourcecode.c.h; path = Comment.h; sourceTree = "<group>"; };
		48CD3CAB13CD9B67001C4353 /* Comment.m */ = {isa = PBXFileReference; fileEncoding = 4; lastKnownFileType = sourcecode.c.objc; path = Comment.m; sourceTree = "<group>"; };
		48CD3CAD13CD9B67001C4353 /* Page.h */ = {isa = PBXFileReference; fileEncoding = 4; lastKnownFileType = sourcecode.c.h; path = Page.h; sourceTree = "<group>"; };
		48CD3CAE13CD9B67001C4353 /* Page.m */ = {isa = PBXFileReference; fileEncoding = 4; lastKnownFileType = sourcecode.c.objc; path = Page.m; sourceTree = "<group>"; };
		48CD3CB013CD9B67001C4353 /* Site.h */ = {isa = PBXFileReference; fileEncoding = 4; lastKnownFileType = sourcecode.c.h; path = Site.h; sourceTree = "<group>"; };
		48CD3CB113CD9B67001C4353 /* Site.m */ = {isa = PBXFileReference; fileEncoding = 4; lastKnownFileType = sourcecode.c.objc; path = Site.m; sourceTree = "<group>"; };
		48CD3CB313CD9B67001C4353 /* User.h */ = {isa = PBXFileReference; fileEncoding = 4; lastKnownFileType = sourcecode.c.h; path = User.h; sourceTree = "<group>"; };
		48CD3CB413CD9B67001C4353 /* User.m */ = {isa = PBXFileReference; fileEncoding = 4; lastKnownFileType = sourcecode.c.objc; path = User.m; sourceTree = "<group>"; };
		48CD3CB513CD9B67001C4353 /* PosterousClient.h */ = {isa = PBXFileReference; fileEncoding = 4; lastKnownFileType = sourcecode.c.h; path = PosterousClient.h; sourceTree = "<group>"; };
		48CD3CB613CD9B67001C4353 /* PosterousClient.m */ = {isa = PBXFileReference; fileEncoding = 4; lastKnownFileType = sourcecode.c.objc; path = PosterousClient.m; sourceTree = "<group>"; };
		48CD3CB713CD9B67001C4353 /* PosterousRequest.h */ = {isa = PBXFileReference; fileEncoding = 4; lastKnownFileType = sourcecode.c.h; path = PosterousRequest.h; sourceTree = "<group>"; };
		48CD3CB813CD9B67001C4353 /* PosterousRequest.m */ = {isa = PBXFileReference; fileEncoding = 4; lastKnownFileType = sourcecode.c.objc; path = PosterousRequest.m; sourceTree = "<group>"; };
		48CD3CD413CD9BBD001C4353 /* LoginModalController.h */ = {isa = PBXFileReference; fileEncoding = 4; lastKnownFileType = sourcecode.c.h; path = LoginModalController.h; sourceTree = "<group>"; };
		48CD3CD513CD9BBD001C4353 /* LoginModalController.m */ = {isa = PBXFileReference; fileEncoding = 4; lastKnownFileType = sourcecode.c.objc; path = LoginModalController.m; sourceTree = "<group>"; };
		48CD3CD613CD9BBD001C4353 /* LoginModalController.xib */ = {isa = PBXFileReference; fileEncoding = 4; lastKnownFileType = file.xib; path = LoginModalController.xib; sourceTree = "<group>"; };
		48CD3CD713CD9BBD001C4353 /* Preferences.h */ = {isa = PBXFileReference; fileEncoding = 4; lastKnownFileType = sourcecode.c.h; path = Preferences.h; sourceTree = "<group>"; };
		48CD3CD813CD9BBD001C4353 /* Preferences.m */ = {isa = PBXFileReference; fileEncoding = 4; lastKnownFileType = sourcecode.c.objc; path = Preferences.m; sourceTree = "<group>"; };
		48CD3CD913CD9BBD001C4353 /* UIColor+DigitalColorMeter.h */ = {isa = PBXFileReference; fileEncoding = 4; lastKnownFileType = sourcecode.c.h; path = "UIColor+DigitalColorMeter.h"; sourceTree = "<group>"; };
		48CD3CDA13CD9BBD001C4353 /* UIColor+DigitalColorMeter.m */ = {isa = PBXFileReference; fileEncoding = 4; lastKnownFileType = sourcecode.c.objc; path = "UIColor+DigitalColorMeter.m"; sourceTree = "<group>"; };
		48CD3CDF13CD9C80001C4353 /* graybutton.png */ = {isa = PBXFileReference; lastKnownFileType = image.png; name = graybutton.png; path = Resources/graybutton.png; sourceTree = "<group>"; };
		48CD3CE013CD9C80001C4353 /* greendot.png */ = {isa = PBXFileReference; lastKnownFileType = image.png; name = greendot.png; path = Resources/greendot.png; sourceTree = "<group>"; };
		48CD3CE113CD9C80001C4353 /* reddot.png */ = {isa = PBXFileReference; lastKnownFileType = image.png; name = reddot.png; path = Resources/reddot.png; sourceTree = "<group>"; };
		48CD3CE613CD9C90001C4353 /* CreateASite.xib */ = {isa = PBXFileReference; fileEncoding = 4; lastKnownFileType = file.xib; path = CreateASite.xib; sourceTree = "<group>"; };
		48CD3CE713CD9C90001C4353 /* CreateASiteController.h */ = {isa = PBXFileReference; fileEncoding = 4; lastKnownFileType = sourcecode.c.h; path = CreateASiteController.h; sourceTree = "<group>"; };
		48CD3CE813CD9C90001C4353 /* CreateASiteController.m */ = {isa = PBXFileReference; fileEncoding = 4; lastKnownFileType = sourcecode.c.objc; path = CreateASiteController.m; sourceTree = "<group>"; };
		48CD3CE913CD9C90001C4353 /* GetAllCommentsForAPost.xib */ = {isa = PBXFileReference; fileEncoding = 4; lastKnownFileType = file.xib; path = GetAllCommentsForAPost.xib; sourceTree = "<group>"; };
		48CD3CEA13CD9C90001C4353 /* GetAllCommentsForAPostController.h */ = {isa = PBXFileReference; fileEncoding = 4; lastKnownFileType = sourcecode.c.h; path = GetAllCommentsForAPostController.h; sourceTree = "<group>"; };
		48CD3CEB13CD9C90001C4353 /* GetAllCommentsForAPostController.m */ = {isa = PBXFileReference; fileEncoding = 4; lastKnownFileType = sourcecode.c.objc; path = GetAllCommentsForAPostController.m; sourceTree = "<group>"; };
		48CD3CEC13CD9C90001C4353 /* GetAllPages.xib */ = {isa = PBXFileReference; fileEncoding = 4; lastKnownFileType = file.xib; path = GetAllPages.xib; sourceTree = "<group>"; };
		48CD3CED13CD9C90001C4353 /* GetAllPagesController.h */ = {isa = PBXFileReference; fileEncoding = 4; lastKnownFileType = sourcecode.c.h; path = GetAllPagesController.h; sourceTree = "<group>"; };
		48CD3CEE13CD9C90001C4353 /* GetAllPagesController.m */ = {isa = PBXFileReference; fileEncoding = 4; lastKnownFileType = sourcecode.c.objc; path = GetAllPagesController.m; sourceTree = "<group>"; };
		48CD3CEF13CD9C90001C4353 /* GetASingleSite.xib */ = {isa = PBXFileReference; fileEncoding = 4; lastKnownFileType = file.xib; path = GetASingleSite.xib; sourceTree = "<group>"; };
		48CD3CF013CD9C90001C4353 /* GetASingleSiteController.h */ = {isa = PBXFileReference; fileEncoding = 4; lastKnownFileType = sourcecode.c.h; path = GetASingleSiteController.h; sourceTree = "<group>"; };
		48CD3CF113CD9C90001C4353 /* GetASingleSiteController.m */ = {isa = PBXFileReference; fileEncoding = 4; lastKnownFileType = sourcecode.c.objc; path = GetASingleSiteController.m; sourceTree = "<group>"; };
		48CD3CF213CD9C90001C4353 /* GetAUser.xib */ = {isa = PBXFileReference; fileEncoding = 4; lastKnownFileType = file.xib; path = GetAUser.xib; sourceTree = "<group>"; };
		48CD3CF313CD9C90001C4353 /* GetAUserController.h */ = {isa = PBXFileReference; fileEncoding = 4; lastKnownFileType = sourcecode.c.h; path = GetAUserController.h; sourceTree = "<group>"; };
		48CD3CF413CD9C90001C4353 /* GetAUserController.m */ = {isa = PBXFileReference; fileEncoding = 4; lastKnownFileType = sourcecode.c.objc; path = GetAUserController.m; sourceTree = "<group>"; };
		48CD3CF513CD9C90001C4353 /* GetAUsersPrimarySite.xib */ = {isa = PBXFileReference; fileEncoding = 4; lastKnownFileType = file.xib; path = GetAUsersPrimarySite.xib; sourceTree = "<group>"; };
		48CD3CF613CD9C90001C4353 /* GetAUsersPrimarySiteController.h */ = {isa = PBXFileReference; fileEncoding = 4; lastKnownFileType = sourcecode.c.h; path = GetAUsersPrimarySiteController.h; sourceTree = "<group>"; };
		48CD3CF713CD9C90001C4353 /* GetAUsersPrimarySiteController.m */ = {isa = PBXFileReference; fileEncoding = 4; lastKnownFileType = sourcecode.c.objc; path = GetAUsersPrimarySiteController.m; sourceTree = "<group>"; };
		48CD3CF813CD9C90001C4353 /* GetAUsersSites.xib */ = {isa = PBXFileReference; fileEncoding = 4; lastKnownFileType = file.xib; path = GetAUsersSites.xib; sourceTree = "<group>"; };
		48CD3CF913CD9C90001C4353 /* GetAUsersSitesController.h */ = {isa = PBXFileReference; fileEncoding = 4; lastKnownFileType = sourcecode.c.h; path = GetAUsersSitesController.h; sourceTree = "<group>"; };
		48CD3CFA13CD9C90001C4353 /* GetAUsersSitesController.m */ = {isa = PBXFileReference; fileEncoding = 4; lastKnownFileType = sourcecode.c.objc; path = GetAUsersSitesController.m; sourceTree = "<group>"; };
		48ED30E1129F96010071B46E /* Foundation.framework */ = {isa = PBXFileReference; lastKnownFileType = wrapper.framework; name = Foundation.framework; path = System/Library/Frameworks/Foundation.framework; sourceTree = SDKROOT; };
		48EF421E120C7EA800B2E49F /* PosterousObjC.app */ = {isa = PBXFileReference; explicitFileType = wrapper.application; includeInIndex = 0; path = PosterousObjC.app; sourceTree = BUILT_PRODUCTS_DIR; };
		48EF4221120C7EA800B2E49F /* UIKit.framework */ = {isa = PBXFileReference; lastKnownFileType = wrapper.framework; name = UIKit.framework; path = System/Library/Frameworks/UIKit.framework; sourceTree = SDKROOT; };
		48EF4223120C7EA800B2E49F /* Foundation.framework */ = {isa = PBXFileReference; lastKnownFileType = wrapper.framework; name = Foundation.framework; path = System/Library/Frameworks/Foundation.framework; sourceTree = SDKROOT; };
		48EF4225120C7EA800B2E49F /* CoreGraphics.framework */ = {isa = PBXFileReference; lastKnownFileType = wrapper.framework; name = CoreGraphics.framework; path = System/Library/Frameworks/CoreGraphics.framework; sourceTree = SDKROOT; };
		48EF4227120C7EA800B2E49F /* PosterousObjC-Info.plist */ = {isa = PBXFileReference; lastKnownFileType = text.plist.xml; path = "PosterousObjC-Info.plist"; sourceTree = "<group>"; };
		48EF4228120C7EA800B2E49F /* PosterousObjC_Prefix.pch */ = {isa = PBXFileReference; lastKnownFileType = sourcecode.c.h; path = PosterousObjC_Prefix.pch; sourceTree = "<group>"; };
		48EF422A120C7EA800B2E49F /* en */ = {isa = PBXFileReference; lastKnownFileType = text.plist.strings; name = en; path = en.lproj/InfoPlist.strings; sourceTree = "<group>"; };
		48EF422C120C7EA800B2E49F /* main.m */ = {isa = PBXFileReference; lastKnownFileType = sourcecode.c.objc; path = main.m; sourceTree = "<group>"; };
		48EF422E120C7EA800B2E49F /* PosterousObjCAppDelegate.h */ = {isa = PBXFileReference; lastKnownFileType = sourcecode.c.h; path = PosterousObjCAppDelegate.h; sourceTree = "<group>"; };
		48EF422F120C7EA800B2E49F /* PosterousObjCAppDelegate.m */ = {isa = PBXFileReference; lastKnownFileType = sourcecode.c.objc; path = PosterousObjCAppDelegate.m; sourceTree = "<group>"; };
		48EF4232120C7EA900B2E49F /* en */ = {isa = PBXFileReference; lastKnownFileType = file.xib; name = en; path = en.lproj/MainWindow.xib; sourceTree = "<group>"; };
		48EF4234120C7EA900B2E49F /* PosterousObjCViewController.h */ = {isa = PBXFileReference; lastKnownFileType = sourcecode.c.h; path = PosterousObjCViewController.h; sourceTree = "<group>"; };
		48EF4235120C7EA900B2E49F /* PosterousObjCViewController.m */ = {isa = PBXFileReference; lastKnownFileType = sourcecode.c.objc; path = PosterousObjCViewController.m; sourceTree = "<group>"; };
		48EF4238120C7EA900B2E49F /* en */ = {isa = PBXFileReference; lastKnownFileType = file.xib; name = en; path = en.lproj/PosterousObjCViewController.xib; sourceTree = "<group>"; };
/* End PBXFileReference section */

/* Begin PBXFrameworksBuildPhase section */
		48EF421B120C7EA800B2E49F /* Frameworks */ = {
			isa = PBXFrameworksBuildPhase;
			buildActionMask = 2147483647;
			files = (
				48EF4222120C7EA800B2E49F /* UIKit.framework in Frameworks */,
				48EF4224120C7EA800B2E49F /* Foundation.framework in Frameworks */,
				48EF4226120C7EA800B2E49F /* CoreGraphics.framework in Frameworks */,
				48743C03120CC29B00B1C728 /* CFNetwork.framework in Frameworks */,
				48743C07120CC2D500B1C728 /* libz.1.2.3.dylib in Frameworks */,
				48743C09120CC2EA00B1C728 /* libobjc.A.dylib in Frameworks */,
				4850DFC7120CC4BC009DB561 /* SystemConfiguration.framework in Frameworks */,
				4850DFCD120CC4D3009DB561 /* MobileCoreServices.framework in Frameworks */,
			);
			runOnlyForDeploymentPostprocessing = 0;
		};
/* End PBXFrameworksBuildPhase section */

/* Begin PBXGroup section */
		48CD3C7513CD9B67001C4353 /* PosterousClient */ = {
			isa = PBXGroup;
			children = (
				48CD3C7613CD9B67001C4353 /* Dependencies */,
				48CD3CA813CD9B67001C4353 /* Posterous Data Objects */,
				48CD3CB513CD9B67001C4353 /* PosterousClient.h */,
				48CD3CB613CD9B67001C4353 /* PosterousClient.m */,
				48CD3CB713CD9B67001C4353 /* PosterousRequest.h */,
				48CD3CB813CD9B67001C4353 /* PosterousRequest.m */,
			);
			path = PosterousClient;
			sourceTree = "<group>";
		};
		48CD3C7613CD9B67001C4353 /* Dependencies */ = {
			isa = PBXGroup;
			children = (
				48CD3C7713CD9B67001C4353 /* ASIHTTPRequest */,
				48CD3C9013CD9B67001C4353 /* TouchJSON */,
			);
			path = Dependencies;
			sourceTree = "<group>";
		};
		48CD3C7713CD9B67001C4353 /* ASIHTTPRequest */ = {
			isa = PBXGroup;
			children = (
				48CD3C7813CD9B67001C4353 /* ASIAuthenticationDialog.h */,
				48CD3C7913CD9B67001C4353 /* ASIAuthenticationDialog.m */,
				48CD3C7A13CD9B67001C4353 /* ASICacheDelegate.h */,
				48CD3C7B13CD9B67001C4353 /* ASIDataCompressor.h */,
				48CD3C7C13CD9B67001C4353 /* ASIDataCompressor.m */,
				48CD3C7D13CD9B67001C4353 /* ASIDataDecompressor.h */,
				48CD3C7E13CD9B67001C4353 /* ASIDataDecompressor.m */,
				48CD3C7F13CD9B67001C4353 /* ASIDownloadCache.h */,
				48CD3C8013CD9B67001C4353 /* ASIDownloadCache.m */,
				48CD3C8113CD9B67001C4353 /* ASIFormDataRequest.h */,
				48CD3C8213CD9B67001C4353 /* ASIFormDataRequest.m */,
				48CD3C8313CD9B67001C4353 /* ASIHTTPRequest.h */,
				48CD3C8413CD9B67001C4353 /* ASIHTTPRequest.m */,
				48CD3C8513CD9B67001C4353 /* ASIHTTPRequestConfig.h */,
				48CD3C8613CD9B67001C4353 /* ASIHTTPRequestDelegate.h */,
				48CD3C8713CD9B67001C4353 /* ASIInputStream.h */,
				48CD3C8813CD9B67001C4353 /* ASIInputStream.m */,
				48CD3C8913CD9B67001C4353 /* ASINetworkQueue.h */,
				48CD3C8A13CD9B67001C4353 /* ASINetworkQueue.m */,
				48CD3C8B13CD9B67001C4353 /* ASIProgressDelegate.h */,
				48CD3C8C13CD9B67001C4353 /* Reachability.h */,
				48CD3C8D13CD9B67001C4353 /* Reachability.m */,
				48CD3C8E13CD9B67001C4353 /* ReachabilityHelper.h */,
				48CD3C8F13CD9B67001C4353 /* ReachabilityHelper.m */,
			);
			path = ASIHTTPRequest;
			sourceTree = "<group>";
		};
		48CD3C9013CD9B67001C4353 /* TouchJSON */ = {
			isa = PBXGroup;
			children = (
				48CD3C9113CD9B67001C4353 /* Source */,
			);
			path = TouchJSON;
			sourceTree = "<group>";
		};
		48CD3C9113CD9B67001C4353 /* Source */ = {
			isa = PBXGroup;
			children = (
				48CD3C9213CD9B67001C4353 /* CDataScanner.h */,
				48CD3C9313CD9B67001C4353 /* CDataScanner.m */,
				48CD3C9413CD9B67001C4353 /* Extensions */,
				48CD3C9D13CD9B67001C4353 /* JSON */,
			);
			path = Source;
			sourceTree = "<group>";
		};
		48CD3C9413CD9B67001C4353 /* Extensions */ = {
			isa = PBXGroup;
			children = (
				48CD3C9513CD9B67001C4353 /* CDataScanner_Extensions.h */,
				48CD3C9613CD9B67001C4353 /* CDataScanner_Extensions.m */,
				48CD3C9713CD9B67001C4353 /* NSCharacterSet_Extensions.h */,
				48CD3C9813CD9B67001C4353 /* NSCharacterSet_Extensions.m */,
				48CD3C9913CD9B67001C4353 /* NSDictionary_JSONExtensions.h */,
				48CD3C9A13CD9B67001C4353 /* NSDictionary_JSONExtensions.m */,
				48CD3C9B13CD9B67001C4353 /* NSScanner_Extensions.h */,
				48CD3C9C13CD9B67001C4353 /* NSScanner_Extensions.m */,
			);
			path = Extensions;
			sourceTree = "<group>";
		};
		48CD3C9D13CD9B67001C4353 /* JSON */ = {
			isa = PBXGroup;
			children = (
				48CD3C9E13CD9B67001C4353 /* CJSONDataSerializer.h */,
				48CD3C9F13CD9B67001C4353 /* CJSONDataSerializer.m */,
				48CD3CA013CD9B67001C4353 /* CJSONDeserializer.h */,
				48CD3CA113CD9B67001C4353 /* CJSONDeserializer.m */,
				48CD3CA213CD9B67001C4353 /* CJSONScanner.h */,
				48CD3CA313CD9B67001C4353 /* CJSONScanner.m */,
				48CD3CA413CD9B67001C4353 /* CJSONSerializer.h */,
				48CD3CA513CD9B67001C4353 /* CJSONSerializer.m */,
				48CD3CA613CD9B67001C4353 /* CSerializedJSONData.h */,
				48CD3CA713CD9B67001C4353 /* CSerializedJSONData.m */,
			);
			path = JSON;
			sourceTree = "<group>";
		};
		48CD3CA813CD9B67001C4353 /* Posterous Data Objects */ = {
			isa = PBXGroup;
			children = (
				48CD3CA913CD9B67001C4353 /* Comment */,
				48CD3CAC13CD9B67001C4353 /* Page */,
				48CD3CAF13CD9B67001C4353 /* Site */,
				48CD3CB213CD9B67001C4353 /* User */,
			);
			path = "Posterous Data Objects";
			sourceTree = "<group>";
		};
		48CD3CA913CD9B67001C4353 /* Comment */ = {
			isa = PBXGroup;
			children = (
				48CD3CAA13CD9B67001C4353 /* Comment.h */,
				48CD3CAB13CD9B67001C4353 /* Comment.m */,
			);
			path = Comment;
			sourceTree = "<group>";
		};
		48CD3CAC13CD9B67001C4353 /* Page */ = {
			isa = PBXGroup;
			children = (
				48CD3CAD13CD9B67001C4353 /* Page.h */,
				48CD3CAE13CD9B67001C4353 /* Page.m */,
			);
			path = Page;
			sourceTree = "<group>";
		};
		48CD3CAF13CD9B67001C4353 /* Site */ = {
			isa = PBXGroup;
			children = (
				48CD3CB013CD9B67001C4353 /* Site.h */,
				48CD3CB113CD9B67001C4353 /* Site.m */,
			);
			path = Site;
			sourceTree = "<group>";
		};
		48CD3CB213CD9B67001C4353 /* User */ = {
			isa = PBXGroup;
			children = (
				48CD3CB313CD9B67001C4353 /* User.h */,
				48CD3CB413CD9B67001C4353 /* User.m */,
			);
			path = User;
			sourceTree = "<group>";
		};
		48CD3CD313CD9BBD001C4353 /* Helper Classes */ = {
			isa = PBXGroup;
			children = (
				48CD3CD413CD9BBD001C4353 /* LoginModalController.h */,
				48CD3CD513CD9BBD001C4353 /* LoginModalController.m */,
				48CD3CD613CD9BBD001C4353 /* LoginModalController.xib */,
				48CD3CD713CD9BBD001C4353 /* Preferences.h */,
				48CD3CD813CD9BBD001C4353 /* Preferences.m */,
				48CD3CD913CD9BBD001C4353 /* UIColor+DigitalColorMeter.h */,
				48CD3CDA13CD9BBD001C4353 /* UIColor+DigitalColorMeter.m */,
			);
			path = "Helper Classes";
			sourceTree = "<group>";
		};
		48CD3CE513CD9C90001C4353 /* Examples */ = {
			isa = PBXGroup;
			children = (
				48CD3CE613CD9C90001C4353 /* CreateASite.xib */,
				48CD3CE713CD9C90001C4353 /* CreateASiteController.h */,
				48CD3CE813CD9C90001C4353 /* CreateASiteController.m */,
				48CD3CE913CD9C90001C4353 /* GetAllCommentsForAPost.xib */,
				48CD3CEA13CD9C90001C4353 /* GetAllCommentsForAPostController.h */,
				48CD3CEB13CD9C90001C4353 /* GetAllCommentsForAPostController.m */,
				48CD3CEC13CD9C90001C4353 /* GetAllPages.xib */,
				48CD3CED13CD9C90001C4353 /* GetAllPagesController.h */,
				48CD3CEE13CD9C90001C4353 /* GetAllPagesController.m */,
				48CD3CEF13CD9C90001C4353 /* GetASingleSite.xib */,
				48CD3CF013CD9C90001C4353 /* GetASingleSiteController.h */,
				48CD3CF113CD9C90001C4353 /* GetASingleSiteController.m */,
				48CD3CF213CD9C90001C4353 /* GetAUser.xib */,
				48CD3CF313CD9C90001C4353 /* GetAUserController.h */,
				48CD3CF413CD9C90001C4353 /* GetAUserController.m */,
				48CD3CF513CD9C90001C4353 /* GetAUsersPrimarySite.xib */,
				48CD3CF613CD9C90001C4353 /* GetAUsersPrimarySiteController.h */,
				48CD3CF713CD9C90001C4353 /* GetAUsersPrimarySiteController.m */,
				48CD3CF813CD9C90001C4353 /* GetAUsersSites.xib */,
				48CD3CF913CD9C90001C4353 /* GetAUsersSitesController.h */,
				48CD3CFA13CD9C90001C4353 /* GetAUsersSitesController.m */,
			);
			path = Examples;
			sourceTree = "<group>";
		};
		48EF420F120C7EA800B2E49F = {
			isa = PBXGroup;
			children = (
				48EF4216120C7EA800B2E49F /* Classes */,
				48EF4217120C7EA800B2E49F /* Other Sources */,
				48EF4218120C7EA800B2E49F /* Resources */,
				48EF4219120C7EA800B2E49F /* Frameworks */,
				48EF421F120C7EA800B2E49F /* Products */,
				48ED30E1129F96010071B46E /* Foundation.framework */,
			);
			sourceTree = "<group>";
		};
		48EF4216120C7EA800B2E49F /* Classes */ = {
			isa = PBXGroup;
			children = (
				48CD3CE513CD9C90001C4353 /* Examples */,
				48CD3CD313CD9BBD001C4353 /* Helper Classes */,
				48CD3C7513CD9B67001C4353 /* PosterousClient */,
				48EF422E120C7EA800B2E49F /* PosterousObjCAppDelegate.h */,
				48EF422F120C7EA800B2E49F /* PosterousObjCAppDelegate.m */,
				48EF4234120C7EA900B2E49F /* PosterousObjCViewController.h */,
				48EF4235120C7EA900B2E49F /* PosterousObjCViewController.m */,
				48EF4237120C7EA900B2E49F /* PosterousObjCViewController.xib */,
			);
			path = Classes;
			sourceTree = "<group>";
		};
		48EF4217120C7EA800B2E49F /* Other Sources */ = {
			isa = PBXGroup;
			children = (
				48EF4228120C7EA800B2E49F /* PosterousObjC_Prefix.pch */,
				48EF422C120C7EA800B2E49F /* main.m */,
			);
			name = "Other Sources";
			sourceTree = "<group>";
		};
		48EF4218120C7EA800B2E49F /* Resources */ = {
			isa = PBXGroup;
			children = (
				48CD3CDF13CD9C80001C4353 /* graybutton.png */,
				48CD3CE013CD9C80001C4353 /* greendot.png */,
				48CD3CE113CD9C80001C4353 /* reddot.png */,
				48EF4227120C7EA800B2E49F /* PosterousObjC-Info.plist */,
				48EF4229120C7EA800B2E49F /* InfoPlist.strings */,
				48EF4231120C7EA900B2E49F /* MainWindow.xib */,
			);
			name = Resources;
			sourceTree = "<group>";
		};
		48EF4219120C7EA800B2E49F /* Frameworks */ = {
			isa = PBXGroup;
			children = (
				48EF4221120C7EA800B2E49F /* UIKit.framework */,
				48EF4223120C7EA800B2E49F /* Foundation.framework */,
				48EF4225120C7EA800B2E49F /* CoreGraphics.framework */,
				48743C02120CC29B00B1C728 /* CFNetwork.framework */,
				48743C06120CC2D500B1C728 /* libz.1.2.3.dylib */,
				48743C08120CC2EA00B1C728 /* libobjc.A.dylib */,
				4850DFC6120CC4BC009DB561 /* SystemConfiguration.framework */,
				4850DFCC120CC4D3009DB561 /* MobileCoreServices.framework */,
			);
			name = Frameworks;
			sourceTree = "<group>";
		};
		48EF421F120C7EA800B2E49F /* Products */ = {
			isa = PBXGroup;
			children = (
				48EF421E120C7EA800B2E49F /* PosterousObjC.app */,
			);
			name = Products;
			sourceTree = "<group>";
		};
/* End PBXGroup section */

/* Begin PBXNativeTarget section */
		48EF421D120C7EA800B2E49F /* PosterousObjC */ = {
			isa = PBXNativeTarget;
			buildConfigurationList = 48EF423C120C7EA900B2E49F /* Build configuration list for PBXNativeTarget "PosterousObjC" */;
			buildPhases = (
				48EF421A120C7EA800B2E49F /* Sources */,
				48EF421B120C7EA800B2E49F /* Frameworks */,
				48EF421C120C7EA800B2E49F /* Resources */,
			);
			buildRules = (
			);
			dependencies = (
			);
			name = PosterousObjC;
			productName = PosterousObjectiveC;
			productReference = 48EF421E120C7EA800B2E49F /* PosterousObjC.app */;
			productType = "com.apple.product-type.application";
		};
/* End PBXNativeTarget section */

/* Begin PBXProject section */
		48EF4211120C7EA800B2E49F /* Project object */ = {
			isa = PBXProject;
			attributes = {
				LastUpgradeCheck = 0410;
				ORGANIZATIONNAME = "Josh Grenon";
			};
			buildConfigurationList = 48EF4214120C7EA800B2E49F /* Build configuration list for PBXProject "PosterousObjC" */;
			compatibilityVersion = "Xcode 3.2";
			developmentRegion = English;
			hasScannedForEncodings = 0;
			knownRegions = (
				en,
			);
			mainGroup = 48EF420F120C7EA800B2E49F;
			productRefGroup = 48EF421F120C7EA800B2E49F /* Products */;
			projectDirPath = "";
			projectRoot = "";
			targets = (
				48EF421D120C7EA800B2E49F /* PosterousObjC */,
			);
		};
/* End PBXProject section */

/* Begin PBXResourcesBuildPhase section */
		48EF421C120C7EA800B2E49F /* Resources */ = {
			isa = PBXResourcesBuildPhase;
			buildActionMask = 2147483647;
			files = (
				48EF422B120C7EA800B2E49F /* InfoPlist.strings in Resources */,
				48EF4233120C7EA900B2E49F /* MainWindow.xib in Resources */,
				48EF4239120C7EA900B2E49F /* PosterousObjCViewController.xib in Resources */,
				48CD3CDC13CD9BBD001C4353 /* LoginModalController.xib in Resources */,
				48CD3CE213CD9C80001C4353 /* graybutton.png in Resources */,
				48CD3CE313CD9C80001C4353 /* greendot.png in Resources */,
				48CD3CE413CD9C80001C4353 /* reddot.png in Resources */,
				48CD3CFB13CD9C90001C4353 /* CreateASite.xib in Resources */,
				48CD3CFD13CD9C90001C4353 /* GetAllCommentsForAPost.xib in Resources */,
				48CD3CFF13CD9C90001C4353 /* GetAllPages.xib in Resources */,
				48CD3D0113CD9C90001C4353 /* GetASingleSite.xib in Resources */,
				48CD3D0313CD9C90001C4353 /* GetAUser.xib in Resources */,
				48CD3D0513CD9C90001C4353 /* GetAUsersPrimarySite.xib in Resources */,
				48CD3D0713CD9C90001C4353 /* GetAUsersSites.xib in Resources */,
			);
			runOnlyForDeploymentPostprocessing = 0;
		};
/* End PBXResourcesBuildPhase section */

/* Begin PBXSourcesBuildPhase section */
		48EF421A120C7EA800B2E49F /* Sources */ = {
			isa = PBXSourcesBuildPhase;
			buildActionMask = 2147483647;
			files = (
				48EF422D120C7EA800B2E49F /* main.m in Sources */,
				48EF4230120C7EA800B2E49F /* PosterousObjCAppDelegate.m in Sources */,
				48EF4236120C7EA900B2E49F /* PosterousObjCViewController.m in Sources */,
				48CD3CB913CD9B67001C4353 /* ASIAuthenticationDialog.m in Sources */,
				48CD3CBA13CD9B67001C4353 /* ASIDataCompressor.m in Sources */,
				48CD3CBB13CD9B67001C4353 /* ASIDataDecompressor.m in Sources */,
				48CD3CBC13CD9B67001C4353 /* ASIDownloadCache.m in Sources */,
				48CD3CBD13CD9B67001C4353 /* ASIFormDataRequest.m in Sources */,
				48CD3CBE13CD9B67001C4353 /* ASIHTTPRequest.m in Sources */,
				48CD3CBF13CD9B67001C4353 /* ASIInputStream.m in Sources */,
				48CD3CC013CD9B67001C4353 /* ASINetworkQueue.m in Sources */,
				48CD3CC113CD9B67001C4353 /* Reachability.m in Sources */,
				48CD3CC213CD9B67001C4353 /* ReachabilityHelper.m in Sources */,
				48CD3CC313CD9B67001C4353 /* CDataScanner.m in Sources */,
				48CD3CC413CD9B67001C4353 /* CDataScanner_Extensions.m in Sources */,
				48CD3CC513CD9B67001C4353 /* NSCharacterSet_Extensions.m in Sources */,
				48CD3CC613CD9B67001C4353 /* NSDictionary_JSONExtensions.m in Sources */,
				48CD3CC713CD9B67001C4353 /* NSScanner_Extensions.m in Sources */,
				48CD3CC813CD9B67001C4353 /* CJSONDataSerializer.m in Sources */,
				48CD3CC913CD9B67001C4353 /* CJSONDeserializer.m in Sources */,
				48CD3CCA13CD9B67001C4353 /* CJSONScanner.m in Sources */,
				48CD3CCB13CD9B67001C4353 /* CJSONSerializer.m in Sources */,
				48CD3CCC13CD9B67001C4353 /* CSerializedJSONData.m in Sources */,
				48CD3CCD13CD9B67001C4353 /* Comment.m in Sources */,
				48CD3CCE13CD9B67001C4353 /* Page.m in Sources */,
				48CD3CCF13CD9B67001C4353 /* Site.m in Sources */,
				48CD3CD013CD9B67001C4353 /* User.m in Sources */,
				48CD3CD113CD9B67001C4353 /* PosterousClient.m in Sources */,
				48CD3CD213CD9B67001C4353 /* PosterousRequest.m in Sources */,
				48CD3CDB13CD9BBD001C4353 /* LoginModalController.m in Sources */,
				48CD3CDD13CD9BBD001C4353 /* Preferences.m in Sources */,
				48CD3CDE13CD9BBD001C4353 /* UIColor+DigitalColorMeter.m in Sources */,
				48CD3CFC13CD9C90001C4353 /* CreateASiteController.m in Sources */,
				48CD3CFE13CD9C90001C4353 /* GetAllCommentsForAPostController.m in Sources */,
				48CD3D0013CD9C90001C4353 /* GetAllPagesController.m in Sources */,
				48CD3D0213CD9C90001C4353 /* GetASingleSiteController.m in Sources */,
				48CD3D0413CD9C90001C4353 /* GetAUserController.m in Sources */,
				48CD3D0613CD9C90001C4353 /* GetAUsersPrimarySiteController.m in Sources */,
				48CD3D0813CD9C90001C4353 /* GetAUsersSitesController.m in Sources */,
			);
			runOnlyForDeploymentPostprocessing = 0;
		};
/* End PBXSourcesBuildPhase section */

/* Begin PBXVariantGroup section */
		48EF4229120C7EA800B2E49F /* InfoPlist.strings */ = {
			isa = PBXVariantGroup;
			children = (
				48EF422A120C7EA800B2E49F /* en */,
			);
			name = InfoPlist.strings;
			sourceTree = "<group>";
		};
		48EF4231120C7EA900B2E49F /* MainWindow.xib */ = {
			isa = PBXVariantGroup;
			children = (
				48EF4232120C7EA900B2E49F /* en */,
			);
			name = MainWindow.xib;
			sourceTree = "<group>";
		};
		48EF4237120C7EA900B2E49F /* PosterousObjCViewController.xib */ = {
			isa = PBXVariantGroup;
			children = (
				48EF4238120C7EA900B2E49F /* en */,
			);
			name = PosterousObjCViewController.xib;
			path = ..;
			sourceTree = "<group>";
		};
/* End PBXVariantGroup section */

/* Begin XCBuildConfiguration section */
		48EF423A120C7EA900B2E49F /* Debug */ = {
			isa = XCBuildConfiguration;
			buildSettings = {
				ARCHS = "$(ARCHS_STANDARD_32_BIT)";
				"CODE_SIGN_IDENTITY[sdk=iphoneos*]" = "iPhone Developer";
				GCC_C_LANGUAGE_STANDARD = gnu99;
				GCC_OPTIMIZATION_LEVEL = 0;
				GCC_PREPROCESSOR_DEFINITIONS = DEBUG;
				GCC_WARN_ABOUT_RETURN_TYPE = YES;
				GCC_WARN_UNUSED_VARIABLE = YES;
				IPHONEOS_DEPLOYMENT_TARGET = 4.0;
				SDKROOT = iphoneos;
			};
			name = Debug;
		};
		48EF423B120C7EA900B2E49F /* Release */ = {
			isa = XCBuildConfiguration;
			buildSettings = {
				ARCHS = "$(ARCHS_STANDARD_32_BIT)";
				"CODE_SIGN_IDENTITY[sdk=iphoneos*]" = "iPhone Developer";
				GCC_C_LANGUAGE_STANDARD = gnu99;
				GCC_WARN_ABOUT_RETURN_TYPE = YES;
				GCC_WARN_UNUSED_VARIABLE = YES;
				OTHER_CFLAGS = "-DNS_BLOCK_ASSERTIONS=1";
				SDKROOT = iphonesimulator4.0;
			};
			name = Release;
		};
		48EF423D120C7EA900B2E49F /* Debug */ = {
			isa = XCBuildConfiguration;
			buildSettings = {
				ALWAYS_SEARCH_USER_PATHS = NO;
				COPY_PHASE_STRIP = NO;
				GCC_DYNAMIC_NO_PIC = NO;
				GCC_PRECOMPILE_PREFIX_HEADER = YES;
				GCC_PREFIX_HEADER = PosterousObjC_Prefix.pch;
				GCC_VERSION = com.apple.compilers.llvm.clang.1_0;
				INFOPLIST_FILE = "PosterousObjC-Info.plist";
				PRODUCT_NAME = PosterousObjC;
				SDKROOT = iphoneos;
				TARGETED_DEVICE_FAMILY = "1,2";
				WRAPPER_EXTENSION = app;
			};
			name = Debug;
		};
		48EF423E120C7EA900B2E49F /* Release */ = {
			isa = XCBuildConfiguration;
			buildSettings = {
				ALWAYS_SEARCH_USER_PATHS = NO;
				COPY_PHASE_STRIP = YES;
				GCC_PRECOMPILE_PREFIX_HEADER = YES;
				GCC_PREFIX_HEADER = PosterousObjC_Prefix.pch;
				GCC_VERSION = com.apple.compilers.llvm.clang.1_0;
				INFOPLIST_FILE = "PosterousObjC-Info.plist";
				PRODUCT_NAME = PosterousObjC;
				SDKROOT = iphoneos;
				TARGETED_DEVICE_FAMILY = "1,2";
				VALIDATE_PRODUCT = YES;
				WRAPPER_EXTENSION = app;
			};
			name = Release;
		};
/* End XCBuildConfiguration section */

/* Begin XCConfigurationList section */
		48EF4214120C7EA800B2E49F /* Build configuration list for PBXProject "PosterousObjC" */ = {
			isa = XCConfigurationList;
			buildConfigurations = (
				48EF423A120C7EA900B2E49F /* Debug */,
				48EF423B120C7EA900B2E49F /* Release */,
			);
			defaultConfigurationIsVisible = 0;
			defaultConfigurationName = Release;
		};
		48EF423C120C7EA900B2E49F /* Build configuration list for PBXNativeTarget "PosterousObjC" */ = {
			isa = XCConfigurationList;
			buildConfigurations = (
				48EF423D120C7EA900B2E49F /* Debug */,
				48EF423E120C7EA900B2E49F /* Release */,
			);
			defaultConfigurationIsVisible = 0;
			defaultConfigurationName = Release;
		};
/* End XCConfigurationList section */
	};
	rootObject = 48EF4211120C7EA800B2E49F /* Project object */;
}
